
Microsoft Visual Studio Solution File, Format Version 12.00
# Visual Studio Version 16
VisualStudioVersion = 16.0.32228.343
MinimumVisualStudioVersion = 10.0.40219.1
Project("{F184B08F-C81C-45F6-A57F-5ABD9991F28F}") = "Programa de contabilidad", "Programa de contabilidad\Programa de contabilidad.vbproj", "{97AFCCA3-DA93-4F01-997D-35167419A189}"
EndProject
Global
	GlobalSection(SolutionConfigurationPlatforms) = preSolution
		Debug|Any CPU = Debug|Any CPU
		Release|Any CPU = Release|Any CPU
	EndGlobalSection
	GlobalSection(ProjectConfigurationPlatforms) = postSolution
		{97AFCCA3-DA93-4F01-997D-35167419A189}.Debug|Any CPU.ActiveCfg = Debug|Any CPU
		{97AFCCA3-DA93-4F01-997D-35167419A189}.Debug|Any CPU.Build.0 = Debug|Any CPU
		{97AFCCA3-DA93-4F01-997D-35167419A189}.Release|Any CPU.ActiveCfg = Release|Any CPU
		{97AFCCA3-DA93-4F01-997D-35167419A189}.Release|Any CPU.Build.0 = Release|Any CPU
	EndGlobalSection
	GlobalSection(SolutionProperties) = preSolution
		HideSolutionNode = FALSE
	EndGlobalSection
	GlobalSection(ExtensibilityGlobals) = postSolution
		SolutionGuid = {C25782B3-D479-4E82-A8DC-F926817685BC}
	EndGlobalSection
EndGlobal
